// !$*UTF8*$!
{
	archiveVersion = 1;
	classes = {
	};
	objectVersion = 56;
	objects = {

/* Begin PBXBuildFile section */
		D00B58C22A1B57CA00747F56 /* APIService.swift in Sources */ = {isa = PBXBuildFile; fileRef = D00B58C12A1B57CA00747F56 /* APIService.swift */; };
		D00B58C42A1B70D000747F56 /* PublisherModel.swift in Sources */ = {isa = PBXBuildFile; fileRef = D00B58C32A1B70D000747F56 /* PublisherModel.swift */; };
		D0ACF6922A19D57000005E8E /* AppDelegate.swift in Sources */ = {isa = PBXBuildFile; fileRef = D0ACF6912A19D57000005E8E /* AppDelegate.swift */; };
		D0ACF6942A19D57000005E8E /* SceneDelegate.swift in Sources */ = {isa = PBXBuildFile; fileRef = D0ACF6932A19D57000005E8E /* SceneDelegate.swift */; };
		D0ACF6962A19D57000005E8E /* HomeController.swift in Sources */ = {isa = PBXBuildFile; fileRef = D0ACF6952A19D57000005E8E /* HomeController.swift */; };
		D0ACF6992A19D57000005E8E /* Main.storyboard in Resources */ = {isa = PBXBuildFile; fileRef = D0ACF6972A19D57000005E8E /* Main.storyboard */; };
		D0ACF69B2A19D57100005E8E /* Assets.xcassets in Resources */ = {isa = PBXBuildFile; fileRef = D0ACF69A2A19D57100005E8E /* Assets.xcassets */; };
		D0ACF69E2A19D57100005E8E /* LaunchScreen.storyboard in Resources */ = {isa = PBXBuildFile; fileRef = D0ACF69C2A19D57100005E8E /* LaunchScreen.storyboard */; };
		D0ACF6A92A19D57100005E8E /* RedditTestTests.swift in Sources */ = {isa = PBXBuildFile; fileRef = D0ACF6A82A19D57100005E8E /* RedditTestTests.swift */; };
		D0ACF6B32A19D57100005E8E /* RedditTestUITests.swift in Sources */ = {isa = PBXBuildFile; fileRef = D0ACF6B22A19D57100005E8E /* RedditTestUITests.swift */; };
		D0ACF6B52A19D57100005E8E /* RedditTestUITestsLaunchTests.swift in Sources */ = {isa = PBXBuildFile; fileRef = D0ACF6B42A19D57100005E8E /* RedditTestUITestsLaunchTests.swift */; };
		D0ACF6CB2A19DDA800005E8E /* PostCellView.swift in Sources */ = {isa = PBXBuildFile; fileRef = D0ACF6CA2A19DDA800005E8E /* PostCellView.swift */; };
		D0ACF6CE2A19E43C00005E8E /* APICaller.swift in Sources */ = {isa = PBXBuildFile; fileRef = D0ACF6CD2A19E43C00005E8E /* APICaller.swift */; };
		D0DB7A3F2A1B1A55003CFCE0 /* mock.json in Resources */ = {isa = PBXBuildFile; fileRef = D0DB7A3E2A1B1A55003CFCE0 /* mock.json */; };
		D0E0DD122A1A81C200D7995B /* RedditData+Post.swift in Sources */ = {isa = PBXBuildFile; fileRef = D0E0DD112A1A81C200D7995B /* RedditData+Post.swift */; };
		FC4D4747DACE22DB90B23969 /* Pods_RedditTest.framework in Frameworks */ = {isa = PBXBuildFile; fileRef = 04A29141FE2B40F69B258105 /* Pods_RedditTest.framework */; };
/* End PBXBuildFile section */

/* Begin PBXContainerItemProxy section */
		D0ACF6A52A19D57100005E8E /* PBXContainerItemProxy */ = {
			isa = PBXContainerItemProxy;
			containerPortal = D0ACF6862A19D57000005E8E /* Project object */;
			proxyType = 1;
			remoteGlobalIDString = D0ACF68D2A19D57000005E8E;
			remoteInfo = RedditTest;
		};
		D0ACF6AF2A19D57100005E8E /* PBXContainerItemProxy */ = {
			isa = PBXContainerItemProxy;
			containerPortal = D0ACF6862A19D57000005E8E /* Project object */;
			proxyType = 1;
			remoteGlobalIDString = D0ACF68D2A19D57000005E8E;
			remoteInfo = RedditTest;
		};
/* End PBXContainerItemProxy section */

/* Begin PBXFileReference section */
		04A29141FE2B40F69B258105 /* Pods_RedditTest.framework */ = {isa = PBXFileReference; explicitFileType = wrapper.framework; includeInIndex = 0; path = Pods_RedditTest.framework; sourceTree = BUILT_PRODUCTS_DIR; };
		60E04C51BC97066C80EE78E1 /* Pods-RedditTest.debug.xcconfig */ = {isa = PBXFileReference; includeInIndex = 1; lastKnownFileType = text.xcconfig; name = "Pods-RedditTest.debug.xcconfig"; path = "Target Support Files/Pods-RedditTest/Pods-RedditTest.debug.xcconfig"; sourceTree = "<group>"; };
		D00B58C12A1B57CA00747F56 /* APIService.swift */ = {isa = PBXFileReference; lastKnownFileType = sourcecode.swift; path = APIService.swift; sourceTree = "<group>"; };
		D00B58C32A1B70D000747F56 /* PublisherModel.swift */ = {isa = PBXFileReference; lastKnownFileType = sourcecode.swift; path = PublisherModel.swift; sourceTree = "<group>"; };
		D0ACF68E2A19D57000005E8E /* RedditTest.app */ = {isa = PBXFileReference; explicitFileType = wrapper.application; includeInIndex = 0; path = RedditTest.app; sourceTree = BUILT_PRODUCTS_DIR; };
		D0ACF6912A19D57000005E8E /* AppDelegate.swift */ = {isa = PBXFileReference; lastKnownFileType = sourcecode.swift; path = AppDelegate.swift; sourceTree = "<group>"; };
		D0ACF6932A19D57000005E8E /* SceneDelegate.swift */ = {isa = PBXFileReference; lastKnownFileType = sourcecode.swift; path = SceneDelegate.swift; sourceTree = "<group>"; };
		D0ACF6952A19D57000005E8E /* HomeController.swift */ = {isa = PBXFileReference; lastKnownFileType = sourcecode.swift; path = HomeController.swift; sourceTree = "<group>"; };
		D0ACF6982A19D57000005E8E /* Base */ = {isa = PBXFileReference; lastKnownFileType = file.storyboard; name = Base; path = Base.lproj/Main.storyboard; sourceTree = "<group>"; };
		D0ACF69A2A19D57100005E8E /* Assets.xcassets */ = {isa = PBXFileReference; lastKnownFileType = folder.assetcatalog; path = Assets.xcassets; sourceTree = "<group>"; };
		D0ACF69D2A19D57100005E8E /* Base */ = {isa = PBXFileReference; lastKnownFileType = file.storyboard; name = Base; path = Base.lproj/LaunchScreen.storyboard; sourceTree = "<group>"; };
		D0ACF69F2A19D57100005E8E /* Info.plist */ = {isa = PBXFileReference; lastKnownFileType = text.plist.xml; path = Info.plist; sourceTree = "<group>"; };
		D0ACF6A42A19D57100005E8E /* RedditTestTests.xctest */ = {isa = PBXFileReference; explicitFileType = wrapper.cfbundle; includeInIndex = 0; path = RedditTestTests.xctest; sourceTree = BUILT_PRODUCTS_DIR; };
		D0ACF6A82A19D57100005E8E /* RedditTestTests.swift */ = {isa = PBXFileReference; lastKnownFileType = sourcecode.swift; path = RedditTestTests.swift; sourceTree = "<group>"; };
		D0ACF6AE2A19D57100005E8E /* RedditTestUITests.xctest */ = {isa = PBXFileReference; explicitFileType = wrapper.cfbundle; includeInIndex = 0; path = RedditTestUITests.xctest; sourceTree = BUILT_PRODUCTS_DIR; };
		D0ACF6B22A19D57100005E8E /* RedditTestUITests.swift */ = {isa = PBXFileReference; lastKnownFileType = sourcecode.swift; path = RedditTestUITests.swift; sourceTree = "<group>"; };
		D0ACF6B42A19D57100005E8E /* RedditTestUITestsLaunchTests.swift */ = {isa = PBXFileReference; lastKnownFileType = sourcecode.swift; path = RedditTestUITestsLaunchTests.swift; sourceTree = "<group>"; };
		D0ACF6CA2A19DDA800005E8E /* PostCellView.swift */ = {isa = PBXFileReference; lastKnownFileType = sourcecode.swift; path = PostCellView.swift; sourceTree = "<group>"; };
		D0ACF6CD2A19E43C00005E8E /* APICaller.swift */ = {isa = PBXFileReference; lastKnownFileType = sourcecode.swift; path = APICaller.swift; sourceTree = "<group>"; };
		D0DB7A3E2A1B1A55003CFCE0 /* mock.json */ = {isa = PBXFileReference; fileEncoding = 4; lastKnownFileType = text.json; path = mock.json; sourceTree = "<group>"; };
		D0E0DD112A1A81C200D7995B /* RedditData+Post.swift */ = {isa = PBXFileReference; lastKnownFileType = sourcecode.swift; path = "RedditData+Post.swift"; sourceTree = "<group>"; };
		E6CC327679CC3B6A327D80AE /* Pods-RedditTest.release.xcconfig */ = {isa = PBXFileReference; includeInIndex = 1; lastKnownFileType = text.xcconfig; name = "Pods-RedditTest.release.xcconfig"; path = "Target Support Files/Pods-RedditTest/Pods-RedditTest.release.xcconfig"; sourceTree = "<group>"; };
/* End PBXFileReference section */

/* Begin PBXFrameworksBuildPhase section */
		D0ACF68B2A19D57000005E8E /* Frameworks */ = {
			isa = PBXFrameworksBuildPhase;
			buildActionMask = 2147483647;
			files = (
				FC4D4747DACE22DB90B23969 /* Pods_RedditTest.framework in Frameworks */,
			);
			runOnlyForDeploymentPostprocessing = 0;
		};
		D0ACF6A12A19D57100005E8E /* Frameworks */ = {
			isa = PBXFrameworksBuildPhase;
			buildActionMask = 2147483647;
			files = (
			);
			runOnlyForDeploymentPostprocessing = 0;
		};
		D0ACF6AB2A19D57100005E8E /* Frameworks */ = {
			isa = PBXFrameworksBuildPhase;
			buildActionMask = 2147483647;
			files = (
			);
			runOnlyForDeploymentPostprocessing = 0;
		};
/* End PBXFrameworksBuildPhase section */

/* Begin PBXGroup section */
		65024B48EFB2060E3AE15A14 /* Frameworks */ = {
			isa = PBXGroup;
			children = (
				04A29141FE2B40F69B258105 /* Pods_RedditTest.framework */,
			);
			name = Frameworks;
			sourceTree = "<group>";
		};
		95892C741688FC4028544E85 /* Pods */ = {
			isa = PBXGroup;
			children = (
				60E04C51BC97066C80EE78E1 /* Pods-RedditTest.debug.xcconfig */,
				E6CC327679CC3B6A327D80AE /* Pods-RedditTest.release.xcconfig */,
			);
			path = Pods;
			sourceTree = "<group>";
		};
		D0ACF6852A19D57000005E8E = {
			isa = PBXGroup;
			children = (
				D0ACF6902A19D57000005E8E /* RedditTest */,
				D0ACF6A72A19D57100005E8E /* RedditTestTests */,
				D0ACF6B12A19D57100005E8E /* RedditTestUITests */,
				D0ACF68F2A19D57000005E8E /* Products */,
				95892C741688FC4028544E85 /* Pods */,
				65024B48EFB2060E3AE15A14 /* Frameworks */,
			);
			sourceTree = "<group>";
		};
		D0ACF68F2A19D57000005E8E /* Products */ = {
			isa = PBXGroup;
			children = (
				D0ACF68E2A19D57000005E8E /* RedditTest.app */,
				D0ACF6A42A19D57100005E8E /* RedditTestTests.xctest */,
				D0ACF6AE2A19D57100005E8E /* RedditTestUITests.xctest */,
			);
			name = Products;
			sourceTree = "<group>";
		};
		D0ACF6902A19D57000005E8E /* RedditTest */ = {
			isa = PBXGroup;
			children = (
				D0ACF6CC2A19E3F600005E8E /* API */,
				D0ACF69F2A19D57100005E8E /* Info.plist */,
				D0ACF6C42A19D70400005E8E /* Resources  */,
				D0ACF6C32A19D6F200005E8E /* Views */,
				D0ACF6C22A19D6E100005E8E /* Models */,
				D0ACF6C12A19D68C00005E8E /* Controllers */,
			);
			path = RedditTest;
			sourceTree = "<group>";
		};
		D0ACF6A72A19D57100005E8E /* RedditTestTests */ = {
			isa = PBXGroup;
			children = (
				D0ACF6A82A19D57100005E8E /* RedditTestTests.swift */,
			);
			path = RedditTestTests;
			sourceTree = "<group>";
		};
		D0ACF6B12A19D57100005E8E /* RedditTestUITests */ = {
			isa = PBXGroup;
			children = (
				D0ACF6B22A19D57100005E8E /* RedditTestUITests.swift */,
				D0ACF6B42A19D57100005E8E /* RedditTestUITestsLaunchTests.swift */,
			);
			path = RedditTestUITests;
			sourceTree = "<group>";
		};
		D0ACF6C12A19D68C00005E8E /* Controllers */ = {
			isa = PBXGroup;
			children = (
				D0ACF6952A19D57000005E8E /* HomeController.swift */,
				D0ACF6CA2A19DDA800005E8E /* PostCellView.swift */,
			);
			path = Controllers;
			sourceTree = "<group>";
		};
		D0ACF6C22A19D6E100005E8E /* Models */ = {
			isa = PBXGroup;
			children = (
				D0E0DD112A1A81C200D7995B /* RedditData+Post.swift */,
				D00B58C32A1B70D000747F56 /* PublisherModel.swift */,
			);
			path = Models;
			sourceTree = "<group>";
		};
		D0ACF6C32A19D6F200005E8E /* Views */ = {
			isa = PBXGroup;
			children = (
				D0ACF6C52A19D72C00005E8E /* Storyboards */,
				D0ACF69A2A19D57100005E8E /* Assets.xcassets */,
			);
			path = Views;
			sourceTree = "<group>";
		};
		D0ACF6C42A19D70400005E8E /* Resources  */ = {
			isa = PBXGroup;
			children = (
				D0DB7A3E2A1B1A55003CFCE0 /* mock.json */,
				D0ACF6912A19D57000005E8E /* AppDelegate.swift */,
				D0ACF6932A19D57000005E8E /* SceneDelegate.swift */,
			);
			path = "Resources ";
			sourceTree = "<group>";
		};
		D0ACF6C52A19D72C00005E8E /* Storyboards */ = {
			isa = PBXGroup;
			children = (
				D0ACF6972A19D57000005E8E /* Main.storyboard */,
				D0ACF69C2A19D57100005E8E /* LaunchScreen.storyboard */,
			);
			path = Storyboards;
			sourceTree = "<group>";
		};
		D0ACF6CC2A19E3F600005E8E /* API */ = {
			isa = PBXGroup;
			children = (
				D0ACF6CD2A19E43C00005E8E /* APICaller.swift */,
				D00B58C12A1B57CA00747F56 /* APIService.swift */,
			);
			path = API;
			sourceTree = "<group>";
		};
/* End PBXGroup section */

/* Begin PBXNativeTarget section */
		D0ACF68D2A19D57000005E8E /* RedditTest */ = {
			isa = PBXNativeTarget;
			buildConfigurationList = D0ACF6B82A19D57100005E8E /* Build configuration list for PBXNativeTarget "RedditTest" */;
			buildPhases = (
				60CEFEC9BFCB8DB756D3F1D4 /* [CP] Check Pods Manifest.lock */,
				D0ACF68A2A19D57000005E8E /* Sources */,
				D0ACF68B2A19D57000005E8E /* Frameworks */,
				D0ACF68C2A19D57000005E8E /* Resources */,
				6C75C58F710D386D25F12CDA /* [CP] Embed Pods Frameworks */,
			);
			buildRules = (
			);
			dependencies = (
			);
			name = RedditTest;
			packageProductDependencies = (
			);
			productName = RedditTest;
			productReference = D0ACF68E2A19D57000005E8E /* RedditTest.app */;
			productType = "com.apple.product-type.application";
		};
		D0ACF6A32A19D57100005E8E /* RedditTestTests */ = {
			isa = PBXNativeTarget;
			buildConfigurationList = D0ACF6BB2A19D57100005E8E /* Build configuration list for PBXNativeTarget "RedditTestTests" */;
			buildPhases = (
				D0ACF6A02A19D57100005E8E /* Sources */,
				D0ACF6A12A19D57100005E8E /* Frameworks */,
				D0ACF6A22A19D57100005E8E /* Resources */,
			);
			buildRules = (
			);
			dependencies = (
				D0ACF6A62A19D57100005E8E /* PBXTargetDependency */,
			);
			name = RedditTestTests;
			productName = RedditTestTests;
			productReference = D0ACF6A42A19D57100005E8E /* RedditTestTests.xctest */;
			productType = "com.apple.product-type.bundle.unit-test";
		};
		D0ACF6AD2A19D57100005E8E /* RedditTestUITests */ = {
			isa = PBXNativeTarget;
			buildConfigurationList = D0ACF6BE2A19D57100005E8E /* Build configuration list for PBXNativeTarget "RedditTestUITests" */;
			buildPhases = (
				D0ACF6AA2A19D57100005E8E /* Sources */,
				D0ACF6AB2A19D57100005E8E /* Frameworks */,
				D0ACF6AC2A19D57100005E8E /* Resources */,
			);
			buildRules = (
			);
			dependencies = (
				D0ACF6B02A19D57100005E8E /* PBXTargetDependency */,
			);
			name = RedditTestUITests;
			productName = RedditTestUITests;
			productReference = D0ACF6AE2A19D57100005E8E /* RedditTestUITests.xctest */;
			productType = "com.apple.product-type.bundle.ui-testing";
		};
/* End PBXNativeTarget section */

/* Begin PBXProject section */
		D0ACF6862A19D57000005E8E /* Project object */ = {
			isa = PBXProject;
			attributes = {
				BuildIndependentTargetsInParallel = 1;
				LastSwiftUpdateCheck = 1430;
				LastUpgradeCheck = 1430;
				TargetAttributes = {
					D0ACF68D2A19D57000005E8E = {
						CreatedOnToolsVersion = 14.3;
					};
					D0ACF6A32A19D57100005E8E = {
						CreatedOnToolsVersion = 14.3;
						TestTargetID = D0ACF68D2A19D57000005E8E;
					};
					D0ACF6AD2A19D57100005E8E = {
						CreatedOnToolsVersion = 14.3;
						TestTargetID = D0ACF68D2A19D57000005E8E;
					};
				};
			};
			buildConfigurationList = D0ACF6892A19D57000005E8E /* Build configuration list for PBXProject "RedditTest" */;
			compatibilityVersion = "Xcode 14.0";
			developmentRegion = en;
			hasScannedForEncodings = 0;
			knownRegions = (
				en,
				Base,
			);
			mainGroup = D0ACF6852A19D57000005E8E;
			packageReferences = (
			);
			productRefGroup = D0ACF68F2A19D57000005E8E /* Products */;
			projectDirPath = "";
			projectRoot = "";
			targets = (
				D0ACF68D2A19D57000005E8E /* RedditTest */,
				D0ACF6A32A19D57100005E8E /* RedditTestTests */,
				D0ACF6AD2A19D57100005E8E /* RedditTestUITests */,
			);
		};
/* End PBXProject section */

/* Begin PBXResourcesBuildPhase section */
		D0ACF68C2A19D57000005E8E /* Resources */ = {
			isa = PBXResourcesBuildPhase;
			buildActionMask = 2147483647;
			files = (
				D0ACF69E2A19D57100005E8E /* LaunchScreen.storyboard in Resources */,
				D0ACF69B2A19D57100005E8E /* Assets.xcassets in Resources */,
				D0ACF6992A19D57000005E8E /* Main.storyboard in Resources */,
				D0DB7A3F2A1B1A55003CFCE0 /* mock.json in Resources */,
			);
			runOnlyForDeploymentPostprocessing = 0;
		};
		D0ACF6A22A19D57100005E8E /* Resources */ = {
			isa = PBXResourcesBuildPhase;
			buildActionMask = 2147483647;
			files = (
			);
			runOnlyForDeploymentPostprocessing = 0;
		};
		D0ACF6AC2A19D57100005E8E /* Resources */ = {
			isa = PBXResourcesBuildPhase;
			buildActionMask = 2147483647;
			files = (
			);
			runOnlyForDeploymentPostprocessing = 0;
		};
/* End PBXResourcesBuildPhase section */

/* Begin PBXShellScriptBuildPhase section */
		60CEFEC9BFCB8DB756D3F1D4 /* [CP] Check Pods Manifest.lock */ = {
			isa = PBXShellScriptBuildPhase;
			buildActionMask = 2147483647;
			files = (
			);
			inputFileListPaths = (
			);
			inputPaths = (
				"${PODS_PODFILE_DIR_PATH}/Podfile.lock",
				"${PODS_ROOT}/Manifest.lock",
			);
			name = "[CP] Check Pods Manifest.lock";
			outputFileListPaths = (
			);
			outputPaths = (
				"$(DERIVED_FILE_DIR)/Pods-RedditTest-checkManifestLockResult.txt",
			);
			runOnlyForDeploymentPostprocessing = 0;
			shellPath = /bin/sh;
			shellScript = "diff \"${PODS_PODFILE_DIR_PATH}/Podfile.lock\" \"${PODS_ROOT}/Manifest.lock\" > /dev/null\nif [ $? != 0 ] ; then\n    # print error to STDERR\n    echo \"error: The sandbox is not in sync with the Podfile.lock. Run 'pod install' or update your CocoaPods installation.\" >&2\n    exit 1\nfi\n# This output is used by Xcode 'outputs' to avoid re-running this script phase.\necho \"SUCCESS\" > \"${SCRIPT_OUTPUT_FILE_0}\"\n";
			showEnvVarsInLog = 0;
		};
		6C75C58F710D386D25F12CDA /* [CP] Embed Pods Frameworks */ = {
			isa = PBXShellScriptBuildPhase;
			buildActionMask = 2147483647;
			files = (
			);
			inputFileListPaths = (
				"${PODS_ROOT}/Target Support Files/Pods-RedditTest/Pods-RedditTest-frameworks-${CONFIGURATION}-input-files.xcfilelist",
			);
			name = "[CP] Embed Pods Frameworks";
			outputFileListPaths = (
				"${PODS_ROOT}/Target Support Files/Pods-RedditTest/Pods-RedditTest-frameworks-${CONFIGURATION}-output-files.xcfilelist",
			);
			runOnlyForDeploymentPostprocessing = 0;
			shellPath = /bin/sh;
			shellScript = "\"${PODS_ROOT}/Target Support Files/Pods-RedditTest/Pods-RedditTest-frameworks.sh\"\n";
			showEnvVarsInLog = 0;
		};
/* End PBXShellScriptBuildPhase section */

/* Begin PBXSourcesBuildPhase section */
		D0ACF68A2A19D57000005E8E /* Sources */ = {
			isa = PBXSourcesBuildPhase;
			buildActionMask = 2147483647;
			files = (
				D0ACF6962A19D57000005E8E /* HomeController.swift in Sources */,
				D00B58C22A1B57CA00747F56 /* APIService.swift in Sources */,
				D0ACF6922A19D57000005E8E /* AppDelegate.swift in Sources */,
				D0ACF6CB2A19DDA800005E8E /* PostCellView.swift in Sources */,
				D0ACF6CE2A19E43C00005E8E /* APICaller.swift in Sources */,
				D0ACF6942A19D57000005E8E /* SceneDelegate.swift in Sources */,
				D00B58C42A1B70D000747F56 /* PublisherModel.swift in Sources */,
				D0E0DD122A1A81C200D7995B /* RedditData+Post.swift in Sources */,
			);
			runOnlyForDeploymentPostprocessing = 0;
		};
		D0ACF6A02A19D57100005E8E /* Sources */ = {
			isa = PBXSourcesBuildPhase;
			buildActionMask = 2147483647;
			files = (
				D0ACF6A92A19D57100005E8E /* RedditTestTests.swift in Sources */,
			);
			runOnlyForDeploymentPostprocessing = 0;
		};
		D0ACF6AA2A19D57100005E8E /* Sources */ = {
			isa = PBXSourcesBuildPhase;
			buildActionMask = 2147483647;
			files = (
				D0ACF6B52A19D57100005E8E /* RedditTestUITestsLaunchTests.swift in Sources */,
				D0ACF6B32A19D57100005E8E /* RedditTestUITests.swift in Sources */,
			);
			runOnlyForDeploymentPostprocessing = 0;
		};
/* End PBXSourcesBuildPhase section */

/* Begin PBXTargetDependency section */
		D0ACF6A62A19D57100005E8E /* PBXTargetDependency */ = {
			isa = PBXTargetDependency;
			target = D0ACF68D2A19D57000005E8E /* RedditTest */;
			targetProxy = D0ACF6A52A19D57100005E8E /* PBXContainerItemProxy */;
		};
		D0ACF6B02A19D57100005E8E /* PBXTargetDependency */ = {
			isa = PBXTargetDependency;
			target = D0ACF68D2A19D57000005E8E /* RedditTest */;
			targetProxy = D0ACF6AF2A19D57100005E8E /* PBXContainerItemProxy */;
		};
/* End PBXTargetDependency section */

/* Begin PBXVariantGroup section */
		D0ACF6972A19D57000005E8E /* Main.storyboard */ = {
			isa = PBXVariantGroup;
			children = (
				D0ACF6982A19D57000005E8E /* Base */,
			);
			name = Main.storyboard;
			sourceTree = "<group>";
		};
		D0ACF69C2A19D57100005E8E /* LaunchScreen.storyboard */ = {
			isa = PBXVariantGroup;
			children = (
				D0ACF69D2A19D57100005E8E /* Base */,
			);
			name = LaunchScreen.storyboard;
			sourceTree = "<group>";
		};
/* End PBXVariantGroup section */

/* Begin XCBuildConfiguration section */
		D0ACF6B62A19D57100005E8E /* Debug */ = {
			isa = XCBuildConfiguration;
			buildSettings = {
				ALWAYS_SEARCH_USER_PATHS = NO;
				CLANG_ANALYZER_NONNULL = YES;
				CLANG_ANALYZER_NUMBER_OBJECT_CONVERSION = YES_AGGRESSIVE;
				CLANG_CXX_LANGUAGE_STANDARD = "gnu++20";
				CLANG_ENABLE_MODULES = YES;
				CLANG_ENABLE_OBJC_ARC = YES;
				CLANG_ENABLE_OBJC_WEAK = YES;
				CLANG_WARN_BLOCK_CAPTURE_AUTORELEASING = YES;
				CLANG_WARN_BOOL_CONVERSION = YES;
				CLANG_WARN_COMMA = YES;
				CLANG_WARN_CONSTANT_CONVERSION = YES;
				CLANG_WARN_DEPRECATED_OBJC_IMPLEMENTATIONS = YES;
				CLANG_WARN_DIRECT_OBJC_ISA_USAGE = YES_ERROR;
				CLANG_WARN_DOCUMENTATION_COMMENTS = YES;
				CLANG_WARN_EMPTY_BODY = YES;
				CLANG_WARN_ENUM_CONVERSION = YES;
				CLANG_WARN_INFINITE_RECURSION = YES;
				CLANG_WARN_INT_CONVERSION = YES;
				CLANG_WARN_NON_LITERAL_NULL_CONVERSION = YES;
				CLANG_WARN_OBJC_IMPLICIT_RETAIN_SELF = YES;
				CLANG_WARN_OBJC_LITERAL_CONVERSION = YES;
				CLANG_WARN_OBJC_ROOT_CLASS = YES_ERROR;
				CLANG_WARN_QUOTED_INCLUDE_IN_FRAMEWORK_HEADER = YES;
				CLANG_WARN_RANGE_LOOP_ANALYSIS = YES;
				CLANG_WARN_STRICT_PROTOTYPES = YES;
				CLANG_WARN_SUSPICIOUS_MOVE = YES;
				CLANG_WARN_UNGUARDED_AVAILABILITY = YES_AGGRESSIVE;
				CLANG_WARN_UNREACHABLE_CODE = YES;
				CLANG_WARN__DUPLICATE_METHOD_MATCH = YES;
				COPY_PHASE_STRIP = NO;
				DEBUG_INFORMATION_FORMAT = dwarf;
				ENABLE_STRICT_OBJC_MSGSEND = YES;
				ENABLE_TESTABILITY = YES;
				GCC_C_LANGUAGE_STANDARD = gnu11;
				GCC_DYNAMIC_NO_PIC = NO;
				GCC_NO_COMMON_BLOCKS = YES;
				GCC_OPTIMIZATION_LEVEL = 0;
				GCC_PREPROCESSOR_DEFINITIONS = (
					"DEBUG=1",
					"$(inherited)",
				);
				GCC_WARN_64_TO_32_BIT_CONVERSION = YES;
				GCC_WARN_ABOUT_RETURN_TYPE = YES_ERROR;
				GCC_WARN_UNDECLARED_SELECTOR = YES;
				GCC_WARN_UNINITIALIZED_AUTOS = YES_AGGRESSIVE;
				GCC_WARN_UNUSED_FUNCTION = YES;
				GCC_WARN_UNUSED_VARIABLE = YES;
				IPHONEOS_DEPLOYMENT_TARGET = 16.4;
				MTL_ENABLE_DEBUG_INFO = INCLUDE_SOURCE;
				MTL_FAST_MATH = YES;
				ONLY_ACTIVE_ARCH = YES;
				SDKROOT = iphoneos;
				SWIFT_ACTIVE_COMPILATION_CONDITIONS = DEBUG;
				SWIFT_OPTIMIZATION_LEVEL = "-Onone";
			};
			name = Debug;
		};
		D0ACF6B72A19D57100005E8E /* Release */ = {
			isa = XCBuildConfiguration;
			buildSettings = {
				ALWAYS_SEARCH_USER_PATHS = NO;
				CLANG_ANALYZER_NONNULL = YES;
				CLANG_ANALYZER_NUMBER_OBJECT_CONVERSION = YES_AGGRESSIVE;
				CLANG_CXX_LANGUAGE_STANDARD = "gnu++20";
				CLANG_ENABLE_MODULES = YES;
				CLANG_ENABLE_OBJC_ARC = YES;
				CLANG_ENABLE_OBJC_WEAK = YES;
				CLANG_WARN_BLOCK_CAPTURE_AUTORELEASING = YES;
				CLANG_WARN_BOOL_CONVERSION = YES;
				CLANG_WARN_COMMA = YES;
				CLANG_WARN_CONSTANT_CONVERSION = YES;
				CLANG_WARN_DEPRECATED_OBJC_IMPLEMENTATIONS = YES;
				CLANG_WARN_DIRECT_OBJC_ISA_USAGE = YES_ERROR;
				CLANG_WARN_DOCUMENTATION_COMMENTS = YES;
				CLANG_WARN_EMPTY_BODY = YES;
				CLANG_WARN_ENUM_CONVERSION = YES;
				CLANG_WARN_INFINITE_RECURSION = YES;
				CLANG_WARN_INT_CONVERSION = YES;
				CLANG_WARN_NON_LITERAL_NULL_CONVERSION = YES;
				CLANG_WARN_OBJC_IMPLICIT_RETAIN_SELF = YES;
				CLANG_WARN_OBJC_LITERAL_CONVERSION = YES;
				CLANG_WARN_OBJC_ROOT_CLASS = YES_ERROR;
				CLANG_WARN_QUOTED_INCLUDE_IN_FRAMEWORK_HEADER = YES;
				CLANG_WARN_RANGE_LOOP_ANALYSIS = YES;
				CLANG_WARN_STRICT_PROTOTYPES = YES;
				CLANG_WARN_SUSPICIOUS_MOVE = YES;
				CLANG_WARN_UNGUARDED_AVAILABILITY = YES_AGGRESSIVE;
				CLANG_WARN_UNREACHABLE_CODE = YES;
				CLANG_WARN__DUPLICATE_METHOD_MATCH = YES;
				COPY_PHASE_STRIP = NO;
				DEBUG_INFORMATION_FORMAT = "dwarf-with-dsym";
				ENABLE_NS_ASSERTIONS = NO;
				ENABLE_STRICT_OBJC_MSGSEND = YES;
				GCC_C_LANGUAGE_STANDARD = gnu11;
				GCC_NO_COMMON_BLOCKS = YES;
				GCC_WARN_64_TO_32_BIT_CONVERSION = YES;
				GCC_WARN_ABOUT_RETURN_TYPE = YES_ERROR;
				GCC_WARN_UNDECLARED_SELECTOR = YES;
				GCC_WARN_UNINITIALIZED_AUTOS = YES_AGGRESSIVE;
				GCC_WARN_UNUSED_FUNCTION = YES;
				GCC_WARN_UNUSED_VARIABLE = YES;
				IPHONEOS_DEPLOYMENT_TARGET = 16.4;
				MTL_ENABLE_DEBUG_INFO = NO;
				MTL_FAST_MATH = YES;
				SDKROOT = iphoneos;
				SWIFT_COMPILATION_MODE = wholemodule;
				SWIFT_OPTIMIZATION_LEVEL = "-O";
				VALIDATE_PRODUCT = YES;
			};
			name = Release;
		};
		D0ACF6B92A19D57100005E8E /* Debug */ = {
			isa = XCBuildConfiguration;
			baseConfigurationReference = 60E04C51BC97066C80EE78E1 /* Pods-RedditTest.debug.xcconfig */;
			buildSettings = {
				ASSETCATALOG_COMPILER_APPICON_NAME = AppIcon;
				ASSETCATALOG_COMPILER_GLOBAL_ACCENT_COLOR_NAME = AccentColor;
				CODE_SIGN_STYLE = Automatic;
				CURRENT_PROJECT_VERSION = 1;
				DEVELOPMENT_TEAM = F96KQ4LW6N;
				GENERATE_INFOPLIST_FILE = YES;
				INFOPLIST_FILE = RedditTest/Info.plist;
				INFOPLIST_KEY_UIApplicationSupportsIndirectInputEvents = YES;
				INFOPLIST_KEY_UILaunchStoryboardName = LaunchScreen;
				INFOPLIST_KEY_UIMainStoryboardFile = Main;
				INFOPLIST_KEY_UISupportedInterfaceOrientations_iPad = "UIInterfaceOrientationPortrait UIInterfaceOrientationPortraitUpsideDown UIInterfaceOrientationLandscapeLeft UIInterfaceOrientationLandscapeRight";
				INFOPLIST_KEY_UISupportedInterfaceOrientations_iPhone = "UIInterfaceOrientationPortrait UIInterfaceOrientationLandscapeLeft UIInterfaceOrientationLandscapeRight";
				LD_RUNPATH_SEARCH_PATHS = (
					"$(inherited)",
					"@executable_path/Frameworks",
				);
				MARKETING_VERSION = 1.0;
				PRODUCT_BUNDLE_IDENTIFIER = vcentGit.RedditTest;
				PRODUCT_NAME = "$(TARGET_NAME)";
				SWIFT_EMIT_LOC_STRINGS = YES;
				SWIFT_VERSION = 5.0;
				TARGETED_DEVICE_FAMILY = "1,2";
			};
			name = Debug;
		};
		D0ACF6BA2A19D57100005E8E /* Release */ = {
			isa = XCBuildConfiguration;
			baseConfigurationReference = E6CC327679CC3B6A327D80AE /* Pods-RedditTest.release.xcconfig */;
			buildSettings = {
				ASSETCATALOG_COMPILER_APPICON_NAME = AppIcon;
				ASSETCATALOG_COMPILER_GLOBAL_ACCENT_COLOR_NAME = AccentColor;
				CODE_SIGN_STYLE = Automatic;
				CURRENT_PROJECT_VERSION = 1;
				DEVELOPMENT_TEAM = F96KQ4LW6N;
				GENERATE_INFOPLIST_FILE = YES;
				INFOPLIST_FILE = RedditTest/Info.plist;
				INFOPLIST_KEY_UIApplicationSupportsIndirectInputEvents = YES;
				INFOPLIST_KEY_UILaunchStoryboardName = LaunchScreen;
				INFOPLIST_KEY_UIMainStoryboardFile = Main;
				INFOPLIST_KEY_UISupportedInterfaceOrientations_iPad = "UIInterfaceOrientationPortrait UIInterfaceOrientationPortraitUpsideDown UIInterfaceOrientationLandscapeLeft UIInterfaceOrientationLandscapeRight";
				INFOPLIST_KEY_UISupportedInterfaceOrientations_iPhone = "UIInterfaceOrientationPortrait UIInterfaceOrientationLandscapeLeft UIInterfaceOrientationLandscapeRight";
				LD_RUNPATH_SEARCH_PATHS = (
					"$(inherited)",
					"@executable_path/Frameworks",
				);
				MARKETING_VERSION = 1.0;
				PRODUCT_BUNDLE_IDENTIFIER = vcentGit.RedditTest;
				PRODUCT_NAME = "$(TARGET_NAME)";
				SWIFT_EMIT_LOC_STRINGS = YES;
				SWIFT_VERSION = 5.0;
				TARGETED_DEVICE_FAMILY = "1,2";
			};
			name = Release;
		};
		D0ACF6BC2A19D57100005E8E /* Debug */ = {
			isa = XCBuildConfiguration;
			buildSettings = {
				ALWAYS_EMBED_SWIFT_STANDARD_LIBRARIES = YES;
				BUNDLE_LOADER = "$(TEST_HOST)";
				CODE_SIGN_STYLE = Automatic;
				CURRENT_PROJECT_VERSION = 1;
				DEVELOPMENT_TEAM = F96KQ4LW6N;
				GENERATE_INFOPLIST_FILE = YES;
				IPHONEOS_DEPLOYMENT_TARGET = 16.4;
				MARKETING_VERSION = 1.0;
				PRODUCT_BUNDLE_IDENTIFIER = vcentGit.RedditTestTests;
				PRODUCT_NAME = "$(TARGET_NAME)";
				SWIFT_EMIT_LOC_STRINGS = NO;
				SWIFT_VERSION = 5.0;
				TARGETED_DEVICE_FAMILY = "1,2";
				TEST_HOST = "$(BUILT_PRODUCTS_DIR)/RedditTest.app/$(BUNDLE_EXECUTABLE_FOLDER_PATH)/RedditTest";
			};
			name = Debug;
		};
		D0ACF6BD2A19D57100005E8E /* Release */ = {
			isa = XCBuildConfiguration;
			buildSettings = {
				ALWAYS_EMBED_SWIFT_STANDARD_LIBRARIES = YES;
				BUNDLE_LOADER = "$(TEST_HOST)";
				CODE_SIGN_STYLE = Automatic;
				CURRENT_PROJECT_VERSION = 1;
				DEVELOPMENT_TEAM = F96KQ4LW6N;
				GENERATE_INFOPLIST_FILE = YES;
				IPHONEOS_DEPLOYMENT_TARGET = 16.4;
				MARKETING_VERSION = 1.0;
				PRODUCT_BUNDLE_IDENTIFIER = vcentGit.RedditTestTests;
				PRODUCT_NAME = "$(TARGET_NAME)";
				SWIFT_EMIT_LOC_STRINGS = NO;
				SWIFT_VERSION = 5.0;
				TARGETED_DEVICE_FAMILY = "1,2";
				TEST_HOST = "$(BUILT_PRODUCTS_DIR)/RedditTest.app/$(BUNDLE_EXECUTABLE_FOLDER_PATH)/RedditTest";
			};
			name = Release;
		};
		D0ACF6BF2A19D57100005E8E /* Debug */ = {
			isa = XCBuildConfiguration;
			buildSettings = {
				ALWAYS_EMBED_SWIFT_STANDARD_LIBRARIES = YES;
				CODE_SIGN_STYLE = Automatic;
				CURRENT_PROJECT_VERSION = 1;
				DEVELOPMENT_TEAM = F96KQ4LW6N;
				GENERATE_INFOPLIST_FILE = YES;
				MARKETING_VERSION = 1.0;
				PRODUCT_BUNDLE_IDENTIFIER = vcentGit.RedditTestUITests;
				PRODUCT_NAME = "$(TARGET_NAME)";
				SWIFT_EMIT_LOC_STRINGS = NO;
				SWIFT_VERSION = 5.0;
				TARGETED_DEVICE_FAMILY = "1,2";
				TEST_TARGET_NAME = RedditTest;
			};
			name = Debug;
		};
		D0ACF6C02A19D57100005E8E /* Release */ = {
			isa = XCBuildConfiguration;
			buildSettings = {
				ALWAYS_EMBED_SWIFT_STANDARD_LIBRARIES = YES;
				CODE_SIGN_STYLE = Automatic;
				CURRENT_PROJECT_VERSION = 1;
				DEVELOPMENT_TEAM = F96KQ4LW6N;
				GENERATE_INFOPLIST_FILE = YES;
				MARKETING_VERSION = 1.0;
				PRODUCT_BUNDLE_IDENTIFIER = vcentGit.RedditTestUITests;
				PRODUCT_NAME = "$(TARGET_NAME)";
				SWIFT_EMIT_LOC_STRINGS = NO;
				SWIFT_VERSION = 5.0;
				TARGETED_DEVICE_FAMILY = "1,2";
				TEST_TARGET_NAME = RedditTest;
			};
			name = Release;
		};
/* End XCBuildConfiguration section */

/* Begin XCConfigurationList section */
		D0ACF6892A19D57000005E8E /* Build configuration list for PBXProject "RedditTest" */ = {
			isa = XCConfigurationList;
			buildConfigurations = (
				D0ACF6B62A19D57100005E8E /* Debug */,
				D0ACF6B72A19D57100005E8E /* Release */,
			);
			defaultConfigurationIsVisible = 0;
			defaultConfigurationName = Release;
		};
		D0ACF6B82A19D57100005E8E /* Build configuration list for PBXNativeTarget "RedditTest" */ = {
			isa = XCConfigurationList;
			buildConfigurations = (
				D0ACF6B92A19D57100005E8E /* Debug */,
				D0ACF6BA2A19D57100005E8E /* Release */,
			);
			defaultConfigurationIsVisible = 0;
			defaultConfigurationName = Release;
		};
		D0ACF6BB2A19D57100005E8E /* Build configuration list for PBXNativeTarget "RedditTestTests" */ = {
			isa = XCConfigurationList;
			buildConfigurations = (
				D0ACF6BC2A19D57100005E8E /* Debug */,
				D0ACF6BD2A19D57100005E8E /* Release */,
			);
			defaultConfigurationIsVisible = 0;
			defaultConfigurationName = Release;
		};
		D0ACF6BE2A19D57100005E8E /* Build configuration list for PBXNativeTarget "RedditTestUITests" */ = {
			isa = XCConfigurationList;
			buildConfigurations = (
				D0ACF6BF2A19D57100005E8E /* Debug */,
				D0ACF6C02A19D57100005E8E /* Release */,
			);
			defaultConfigurationIsVisible = 0;
			defaultConfigurationName = Release;
		};
/* End XCConfigurationList section */
	};
	rootObject = D0ACF6862A19D57000005E8E /* Project object */;
}
